
Microsoft Visual Studio Solution File, Format Version 12.00
# Visual Studio Version 17
VisualStudioVersion = 17.0.31903.59
MinimumVisualStudioVersion = 10.0.40219.1
Project("{FAE04EC0-301F-11D3-BF4B-00C04F79EFBC}") = "GUI_ManagementKaraoke", "GUI_ManagementKaraoke\GUI_ManagementKaraoke.csproj", "{29423AA8-1FF8-43DC-8807-B3BCB07F102D}"
EndProject
Project("{FAE04EC0-301F-11D3-BF4B-00C04F79EFBC}") = "BLL", "BLL\BLL.csproj", "{8FC79137-2B37-424F-BF6D-4F0E9AE5EF35}"
EndProject
Project("{FAE04EC0-301F-11D3-BF4B-00C04F79EFBC}") = "DAL", "DAL\DAL.csproj", "{FA929000-1019-46CE-BF1C-0783F60DEFED}"
EndProject
Project("{FAE04EC0-301F-11D3-BF4B-00C04F79EFBC}") = "DTO", "DTO\DTO.csproj", "{09FA4D03-A431-4C82-A480-18195A07B134}"
EndProject
Global
	GlobalSection(SolutionConfigurationPlatforms) = preSolution
		Debug|Any CPU = Debug|Any CPU
		Release|Any CPU = Release|Any CPU
	EndGlobalSection
	GlobalSection(ProjectConfigurationPlatforms) = postSolution
		{29423AA8-1FF8-43DC-8807-B3BCB07F102D}.Debug|Any CPU.ActiveCfg = Debug|Any CPU
		{29423AA8-1FF8-43DC-8807-B3BCB07F102D}.Debug|Any CPU.Build.0 = Debug|Any CPU
		{29423AA8-1FF8-43DC-8807-B3BCB07F102D}.Release|Any CPU.ActiveCfg = Release|Any CPU
		{29423AA8-1FF8-43DC-8807-B3BCB07F102D}.Release|Any CPU.Build.0 = Release|Any CPU
		{8FC79137-2B37-424F-BF6D-4F0E9AE5EF35}.Debug|Any CPU.ActiveCfg = Debug|Any CPU
		{8FC79137-2B37-424F-BF6D-4F0E9AE5EF35}.Debug|Any CPU.Build.0 = Debug|Any CPU
		{8FC79137-2B37-424F-BF6D-4F0E9AE5EF35}.Release|Any CPU.ActiveCfg = Release|Any CPU
		{8FC79137-2B37-424F-BF6D-4F0E9AE5EF35}.Release|Any CPU.Build.0 = Release|Any CPU
		{FA929000-1019-46CE-BF1C-0783F60DEFED}.Debug|Any CPU.ActiveCfg = Debug|Any CPU
		{FA929000-1019-46CE-BF1C-0783F60DEFED}.Debug|Any CPU.Build.0 = Debug|Any CPU
		{FA929000-1019-46CE-BF1C-0783F60DEFED}.Release|Any CPU.ActiveCfg = Release|Any CPU
		{FA929000-1019-46CE-BF1C-0783F60DEFED}.Release|Any CPU.Build.0 = Release|Any CPU
		{09FA4D03-A431-4C82-A480-18195A07B134}.Debug|Any CPU.ActiveCfg = Debug|Any CPU
		{09FA4D03-A431-4C82-A480-18195A07B134}.Debug|Any CPU.Build.0 = Debug|Any CPU
		{09FA4D03-A431-4C82-A480-18195A07B134}.Release|Any CPU.ActiveCfg = Release|Any CPU
		{09FA4D03-A431-4C82-A480-18195A07B134}.Release|Any CPU.Build.0 = Release|Any CPU
	EndGlobalSection
	GlobalSection(SolutionProperties) = preSolution
		HideSolutionNode = FALSE
	EndGlobalSection
	GlobalSection(ExtensibilityGlobals) = postSolution
		SolutionGuid = {C40ED620-6B31-4136-B949-26D8891D20FA}
	EndGlobalSection
EndGlobal
